
Microsoft Visual Studio Solution File, Format Version 12.00
# Visual Studio Version 17
VisualStudioVersion = 17.8.34511.84
MinimumVisualStudioVersion = 10.0.40219.1
Project("{FAE04EC0-301F-11D3-BF4B-00C04F79EFBC}") = "ForEach", "ForEach\ForEach.csproj", "{EF7A8585-FF97-4DD1-BDF1-103749E21D03}"
EndProject
Global
	GlobalSection(SolutionConfigurationPlatforms) = preSolution
		Debug|Any CPU = Debug|Any CPU
		Release|Any CPU = Release|Any CPU
	EndGlobalSection
	GlobalSection(ProjectConfigurationPlatforms) = postSolution
		{EF7A8585-FF97-4DD1-BDF1-103749E21D03}.Debug|Any CPU.ActiveCfg = Debug|Any CPU
		{EF7A8585-FF97-4DD1-BDF1-103749E21D03}.Debug|Any CPU.Build.0 = Debug|Any CPU
		{EF7A8585-FF97-4DD1-BDF1-103749E21D03}.Release|Any CPU.ActiveCfg = Release|Any CPU
		{EF7A8585-FF97-4DD1-BDF1-103749E21D03}.Release|Any CPU.Build.0 = Release|Any CPU
	EndGlobalSection
	GlobalSection(SolutionProperties) = preSolution
		HideSolutionNode = FALSE
	EndGlobalSection
	GlobalSection(ExtensibilityGlobals) = postSolution
		SolutionGuid = {85C47CF5-B8F0-4414-9511-C1D9AE18A5E4}
	EndGlobalSection
EndGlobal
